[{<<"core">>,
  {git,"https://github.com/exograd/erl-core.git",
       {ref,"0520b920c445dad8043cbec8defa0e1482dcf547"}},
  0},
 {<<"ksuid">>,
  {git,"https://github.com/exograd/erl-ksuid.git",
       {ref,"d3a33ff9b459ba8eea5584bffaff66ccbdfe10c4"}},
  0},
 {<<"netrc">>,
  {git,"https://github.com/exograd/erl-netrc.git",
       {ref,"36d52f7096ce9770a2d32d6905e2e870c5b39398"}},
  0},
 {<<"uri">>,
  {git,"https://github.com/exograd/erl-uri.git",
       {ref,"4d217279c3c850a5a02a9cc9e0d9881646d658e6"}},
  0}].
